
Microsoft Visual Studio Solution File, Format Version 12.00
# Visual Studio Version 17
VisualStudioVersion = 17.8.34330.188
MinimumVisualStudioVersion = 10.0.40219.1
Project("{888888A0-9F3D-457C-B088-3A5042F75D52}") = "Урок 5. з2", "Урок 5. з2.pyproj", "{3830FBB6-E5A3-4FDA-AB29-C41D6B515558}"
EndProject
Global
	GlobalSection(SolutionConfigurationPlatforms) = preSolution
		Debug|Any CPU = Debug|Any CPU
		Release|Any CPU = Release|Any CPU
	EndGlobalSection
	GlobalSection(ProjectConfigurationPlatforms) = postSolution
		{3830FBB6-E5A3-4FDA-AB29-C41D6B515558}.Debug|Any CPU.ActiveCfg = Debug|Any CPU
		{3830FBB6-E5A3-4FDA-AB29-C41D6B515558}.Release|Any CPU.ActiveCfg = Release|Any CPU
	EndGlobalSection
	GlobalSection(SolutionProperties) = preSolution
		HideSolutionNode = FALSE
	EndGlobalSection
	GlobalSection(ExtensibilityGlobals) = postSolution
		SolutionGuid = {7CD6C8CF-2A1A-4D3F-8ED8-5B68518070FE}
	EndGlobalSection
EndGlobal
